
Microsoft Visual Studio Solution File, Format Version 12.00
# Visual Studio Version 17
VisualStudioVersion = 17.8.34330.188
MinimumVisualStudioVersion = 10.0.40219.1
Project("{FAE04EC0-301F-11D3-BF4B-00C04F79EFBC}") = "MercuryViagens", "MercuryViagens\MercuryViagens.csproj", "{657D841B-170E-470B-ADF0-C00B1A65FDA0}"
EndProject
Global
	GlobalSection(SolutionConfigurationPlatforms) = preSolution
		Debug|Any CPU = Debug|Any CPU
		Release|Any CPU = Release|Any CPU
	EndGlobalSection
	GlobalSection(ProjectConfigurationPlatforms) = postSolution
		{657D841B-170E-470B-ADF0-C00B1A65FDA0}.Debug|Any CPU.ActiveCfg = Debug|Any CPU
		{657D841B-170E-470B-ADF0-C00B1A65FDA0}.Debug|Any CPU.Build.0 = Debug|Any CPU
		{657D841B-170E-470B-ADF0-C00B1A65FDA0}.Release|Any CPU.ActiveCfg = Release|Any CPU
		{657D841B-170E-470B-ADF0-C00B1A65FDA0}.Release|Any CPU.Build.0 = Release|Any CPU
	EndGlobalSection
	GlobalSection(SolutionProperties) = preSolution
		HideSolutionNode = FALSE
	EndGlobalSection
	GlobalSection(ExtensibilityGlobals) = postSolution
		SolutionGuid = {BD41089E-BE26-448C-992B-9FEB4D599574}
	EndGlobalSection
EndGlobal
